
Microsoft Visual Studio Solution File, Format Version 12.00
# Visual Studio Version 17
VisualStudioVersion = 17.11.35327.3
MinimumVisualStudioVersion = 10.0.40219.1
Project("{FAE04EC0-301F-11D3-BF4B-00C04F79EFBC}") = "c#Tester", "c#Tester.csproj", "{1E7737D1-61FE-416E-BF82-D5202B8467F9}"
EndProject
Global
	GlobalSection(SolutionConfigurationPlatforms) = preSolution
		Debug|Any CPU = Debug|Any CPU
		Release|Any CPU = Release|Any CPU
	EndGlobalSection
	GlobalSection(ProjectConfigurationPlatforms) = postSolution
		{1E7737D1-61FE-416E-BF82-D5202B8467F9}.Debug|Any CPU.ActiveCfg = Debug|Any CPU
		{1E7737D1-61FE-416E-BF82-D5202B8467F9}.Debug|Any CPU.Build.0 = Debug|Any CPU
		{1E7737D1-61FE-416E-BF82-D5202B8467F9}.Release|Any CPU.ActiveCfg = Release|Any CPU
		{1E7737D1-61FE-416E-BF82-D5202B8467F9}.Release|Any CPU.Build.0 = Release|Any CPU
	EndGlobalSection
	GlobalSection(SolutionProperties) = preSolution
		HideSolutionNode = FALSE
	EndGlobalSection
	GlobalSection(ExtensibilityGlobals) = postSolution
		SolutionGuid = {388FF025-D47C-457B-A440-49A54AD64047}
	EndGlobalSection
EndGlobal
